
Microsoft Visual Studio Solution File, Format Version 12.00
# Visual Studio Version 17
VisualStudioVersion = 17.13.35931.197
MinimumVisualStudioVersion = 10.0.40219.1
Project("{FAE04EC0-301F-11D3-BF4B-00C04F79EFBC}") = "SecureStorage", "SecureStorage\SecureStorage.csproj", "{32B0B691-F4D1-4B69-BA54-FCA2B380DB5F}"
EndProject
Project("{E53339B2-1760-4266-BCC7-CA923CBCF16C}") = "docker-compose", "docker-compose.dcproj", "{81DDED9D-158B-E303-5F62-77A2896D2A5A}"
EndProject
Global
	GlobalSection(SolutionConfigurationPlatforms) = preSolution
		Debug|Any CPU = Debug|Any CPU
		Release|Any CPU = Release|Any CPU
	EndGlobalSection
	GlobalSection(ProjectConfigurationPlatforms) = postSolution
		{32B0B691-F4D1-4B69-BA54-FCA2B380DB5F}.Debug|Any CPU.ActiveCfg = Debug|Any CPU
		{32B0B691-F4D1-4B69-BA54-FCA2B380DB5F}.Debug|Any CPU.Build.0 = Debug|Any CPU
		{32B0B691-F4D1-4B69-BA54-FCA2B380DB5F}.Release|Any CPU.ActiveCfg = Release|Any CPU
		{32B0B691-F4D1-4B69-BA54-FCA2B380DB5F}.Release|Any CPU.Build.0 = Release|Any CPU
		{81DDED9D-158B-E303-5F62-77A2896D2A5A}.Debug|Any CPU.ActiveCfg = Debug|Any CPU
		{81DDED9D-158B-E303-5F62-77A2896D2A5A}.Debug|Any CPU.Build.0 = Debug|Any CPU
		{81DDED9D-158B-E303-5F62-77A2896D2A5A}.Release|Any CPU.ActiveCfg = Release|Any CPU
		{81DDED9D-158B-E303-5F62-77A2896D2A5A}.Release|Any CPU.Build.0 = Release|Any CPU
	EndGlobalSection
	GlobalSection(SolutionProperties) = preSolution
		HideSolutionNode = FALSE
	EndGlobalSection
	GlobalSection(ExtensibilityGlobals) = postSolution
		SolutionGuid = {30960C3C-80E4-41DF-80D2-1F133C87FB68}
	EndGlobalSection
EndGlobal
